// !$*UTF8*$!
{
	archiveVersion = 1;
	classes = {
	};
	objectVersion = 48;
	objects = {

/* Begin PBXBuildFile section */
		5C5926041F81A2F400EE952D /* AppDelegate.swift in Sources */ = {isa = PBXBuildFile; fileRef = 5C5926031F81A2F400EE952D /* AppDelegate.swift */; };
		5C5926061F81A2F400EE952D /* ViewController.swift in Sources */ = {isa = PBXBuildFile; fileRef = 5C5926051F81A2F400EE952D /* ViewController.swift */; };
		5C5926091F81A2F400EE952D /* Main.storyboard in Resources */ = {isa = PBXBuildFile; fileRef = 5C5926071F81A2F400EE952D /* Main.storyboard */; };
		5C59260C1F81A2F400EE952D /* BLE.xcdatamodeld in Sources */ = {isa = PBXBuildFile; fileRef = 5C59260A1F81A2F400EE952D /* BLE.xcdatamodeld */; };
		5C59260E1F81A2F400EE952D /* Assets.xcassets in Resources */ = {isa = PBXBuildFile; fileRef = 5C59260D1F81A2F400EE952D /* Assets.xcassets */; };
		5C5926111F81A2F400EE952D /* LaunchScreen.storyboard in Resources */ = {isa = PBXBuildFile; fileRef = 5C59260F1F81A2F400EE952D /* LaunchScreen.storyboard */; };
		5C59261C1F81CA6900EE952D /* Bluetooth.swift in Sources */ = {isa = PBXBuildFile; fileRef = 5C59261B1F81CA6900EE952D /* Bluetooth.swift */; };
/* End PBXBuildFile section */

/* Begin PBXFileReference section */
		5C5926001F81A2F400EE952D /* BLE.app */ = {isa = PBXFileReference; explicitFileType = wrapper.application; includeInIndex = 0; path = BLE.app; sourceTree = BUILT_PRODUCTS_DIR; };
		5C5926031F81A2F400EE952D /* AppDelegate.swift */ = {isa = PBXFileReference; lastKnownFileType = sourcecode.swift; path = AppDelegate.swift; sourceTree = "<group>"; };
		5C5926051F81A2F400EE952D /* ViewController.swift */ = {isa = PBXFileReference; lastKnownFileType = sourcecode.swift; path = ViewController.swift; sourceTree = "<group>"; };
		5C5926081F81A2F400EE952D /* Base */ = {isa = PBXFileReference; lastKnownFileType = file.storyboard; name = Base; path = Base.lproj/Main.storyboard; sourceTree = "<group>"; };
		5C59260B1F81A2F400EE952D /* BLE.xcdatamodel */ = {isa = PBXFileReference; lastKnownFileType = wrapper.xcdatamodel; path = BLE.xcdatamodel; sourceTree = "<group>"; };
		5C59260D1F81A2F400EE952D /* Assets.xcassets */ = {isa = PBXFileReference; lastKnownFileType = folder.assetcatalog; path = Assets.xcassets; sourceTree = "<group>"; };
		5C5926101F81A2F400EE952D /* Base */ = {isa = PBXFileReference; lastKnownFileType = file.storyboard; name = Base; path = Base.lproj/LaunchScreen.storyboard; sourceTree = "<group>"; };
		5C5926121F81A2F400EE952D /* Info.plist */ = {isa = PBXFileReference; lastKnownFileType = text.plist.xml; path = Info.plist; sourceTree = "<group>"; };
		5C59261B1F81CA6900EE952D /* Bluetooth.swift */ = {isa = PBXFileReference; lastKnownFileType = sourcecode.swift; path = Bluetooth.swift; sourceTree = "<group>"; };
/* End PBXFileReference section */

/* Begin PBXFrameworksBuildPhase section */
		5C5925FD1F81A2F400EE952D /* Frameworks */ = {
			isa = PBXFrameworksBuildPhase;
			buildActionMask = 2147483647;
			files = (
			);
			runOnlyForDeploymentPostprocessing = 0;
		};
/* End PBXFrameworksBuildPhase section */

/* Begin PBXGroup section */
		5C5925F71F81A2F400EE952D = {
			isa = PBXGroup;
			children = (
				5C5926021F81A2F400EE952D /* BLE */,
				5C5926011F81A2F400EE952D /* Products */,
			);
			sourceTree = "<group>";
		};
		5C5926011F81A2F400EE952D /* Products */ = {
			isa = PBXGroup;
			children = (
				5C5926001F81A2F400EE952D /* BLE.app */,
			);
			name = Products;
			sourceTree = "<group>";
		};
		5C5926021F81A2F400EE952D /* BLE */ = {
			isa = PBXGroup;
			children = (
				5C59261A1F81A4E000EE952D /* Controller */,
				5C5926191F81A4D700EE952D /* Model */,
				5C5926181F81A4C800EE952D /* View */,
				5C5926031F81A2F400EE952D /* AppDelegate.swift */,
				5C5926071F81A2F400EE952D /* Main.storyboard */,
				5C59260D1F81A2F400EE952D /* Assets.xcassets */,
				5C59260F1F81A2F400EE952D /* LaunchScreen.storyboard */,
				5C5926121F81A2F400EE952D /* Info.plist */,
				5C59260A1F81A2F400EE952D /* BLE.xcdatamodeld */,
			);
			path = BLE;
			sourceTree = "<group>";
		};
		5C5926181F81A4C800EE952D /* View */ = {
			isa = PBXGroup;
			children = (
			);
			path = View;
			sourceTree = "<group>";
		};
		5C5926191F81A4D700EE952D /* Model */ = {
			isa = PBXGroup;
			children = (
				5C59261B1F81CA6900EE952D /* Bluetooth.swift */,
			);
			path = Model;
			sourceTree = "<group>";
		};
		5C59261A1F81A4E000EE952D /* Controller */ = {
			isa = PBXGroup;
			children = (
				5C5926051F81A2F400EE952D /* ViewController.swift */,
			);
			path = Controller;
			sourceTree = "<group>";
		};
/* End PBXGroup section */

/* Begin PBXNativeTarget section */
		5C5925FF1F81A2F400EE952D /* BLE */ = {
			isa = PBXNativeTarget;
			buildConfigurationList = 5C5926151F81A2F400EE952D /* Build configuration list for PBXNativeTarget "BLE" */;
			buildPhases = (
				5C5925FC1F81A2F400EE952D /* Sources */,
				5C5925FD1F81A2F400EE952D /* Frameworks */,
				5C5925FE1F81A2F400EE952D /* Resources */,
			);
			buildRules = (
			);
			dependencies = (
			);
			name = BLE;
			productName = BLE;
			productReference = 5C5926001F81A2F400EE952D /* BLE.app */;
			productType = "com.apple.product-type.application";
		};
/* End PBXNativeTarget section */

/* Begin PBXProject section */
		5C5925F81F81A2F400EE952D /* Project object */ = {
			isa = PBXProject;
			attributes = {
				LastSwiftUpdateCheck = 0900;
				LastUpgradeCheck = 0900;
				ORGANIZATIONNAME = "Maryam Jafari";
				TargetAttributes = {
					5C5925FF1F81A2F400EE952D = {
						CreatedOnToolsVersion = 9.0;
						ProvisioningStyle = Automatic;
					};
				};
			};
			buildConfigurationList = 5C5925FB1F81A2F400EE952D /* Build configuration list for PBXProject "BLE" */;
			compatibilityVersion = "Xcode 8.0";
			developmentRegion = en;
			hasScannedForEncodings = 0;
			knownRegions = (
				en,
				Base,
			);
			mainGroup = 5C5925F71F81A2F400EE952D;
			productRefGroup = 5C5926011F81A2F400EE952D /* Products */;
			projectDirPath = "";
			projectRoot = "";
			targets = (
				5C5925FF1F81A2F400EE952D /* BLE */,
			);
		};
/* End PBXProject section */

/* Begin PBXResourcesBuildPhase section */
		5C5925FE1F81A2F400EE952D /* Resources */ = {
			isa = PBXResourcesBuildPhase;
			buildActionMask = 2147483647;
			files = (
				5C5926111F81A2F400EE952D /* LaunchScreen.storyboard in Resources */,
				5C59260E1F81A2F400EE952D /* Assets.xcassets in Resources */,
				5C5926091F81A2F400EE952D /* Main.storyboard in Resources */,
			);
			runOnlyForDeploymentPostprocessing = 0;
		};
/* End PBXResourcesBuildPhase section */

/* Begin PBXSourcesBuildPhase section */
		5C5925FC1F81A2F400EE952D /* Sources */ = {
			isa = PBXSourcesBuildPhase;
			buildActionMask = 2147483647;
			files = (
				5C59261C1F81CA6900EE952D /* Bluetooth.swift in Sources */,
				5C5926061F81A2F400EE952D /* ViewController.swift in Sources */,
				5C5926041F81A2F400EE952D /* AppDelegate.swift in Sources */,
				5C59260C1F81A2F400EE952D /* BLE.xcdatamodeld in Sources */,
			);
			runOnlyForDeploymentPostprocessing = 0;
		};
/* End PBXSourcesBuildPhase section */

/* Begin PBXVariantGroup section */
		5C5926071F81A2F400EE952D /* Main.storyboard */ = {
			isa = PBXVariantGroup;
			children = (
				5C5926081F81A2F400EE952D /* Base */,
			);
			name = Main.storyboard;
			sourceTree = "<group>";
		};
		5C59260F1F81A2F400EE952D /* LaunchScreen.storyboard */ = {
			isa = PBXVariantGroup;
			children = (
				5C5926101F81A2F400EE952D /* Base */,
			);
			name = LaunchScreen.storyboard;
			sourceTree = "<group>";
		};
/* End PBXVariantGroup section */

/* Begin XCBuildConfiguration section */
		5C5926131F81A2F400EE952D /* Debug */ = {
			isa = XCBuildConfiguration;
			buildSettings = {
				ALWAYS_SEARCH_USER_PATHS = NO;
				CLANG_ANALYZER_NONNULL = YES;
				CLANG_ANALYZER_NUMBER_OBJECT_CONVERSION = YES_AGGRESSIVE;
				CLANG_CXX_LANGUAGE_STANDARD = "gnu++14";
				CLANG_CXX_LIBRARY = "libc++";
				CLANG_ENABLE_MODULES = YES;
				CLANG_ENABLE_OBJC_ARC = YES;
				CLANG_WARN_BLOCK_CAPTURE_AUTORELEASING = YES;
				CLANG_WARN_BOOL_CONVERSION = YES;
				CLANG_WARN_COMMA = YES;
				CLANG_WARN_CONSTANT_CONVERSION = YES;
				CLANG_WARN_DIRECT_OBJC_ISA_USAGE = YES_ERROR;
				CLANG_WARN_DOCUMENTATION_COMMENTS = YES;
				CLANG_WARN_EMPTY_BODY = YES;
				CLANG_WARN_ENUM_CONVERSION = YES;
				CLANG_WARN_INFINITE_RECURSION = YES;
				CLANG_WARN_INT_CONVERSION = YES;
				CLANG_WARN_NON_LITERAL_NULL_CONVERSION = YES;
				CLANG_WARN_OBJC_LITERAL_CONVERSION = YES;
				CLANG_WARN_OBJC_ROOT_CLASS = YES_ERROR;
				CLANG_WARN_RANGE_LOOP_ANALYSIS = YES;
				CLANG_WARN_STRICT_PROTOTYPES = YES;
				CLANG_WARN_SUSPICIOUS_MOVE = YES;
				CLANG_WARN_UNGUARDED_AVAILABILITY = YES_AGGRESSIVE;
				CLANG_WARN_UNREACHABLE_CODE = YES;
				CLANG_WARN__DUPLICATE_METHOD_MATCH = YES;
				CODE_SIGN_IDENTITY = "iPhone Developer";
				COPY_PHASE_STRIP = NO;
				DEBUG_INFORMATION_FORMAT = dwarf;
				ENABLE_STRICT_OBJC_MSGSEND = YES;
				ENABLE_TESTABILITY = YES;
				GCC_C_LANGUAGE_STANDARD = gnu11;
				GCC_DYNAMIC_NO_PIC = NO;
				GCC_NO_COMMON_BLOCKS = YES;
				GCC_OPTIMIZATION_LEVEL = 0;
				GCC_PREPROCESSOR_DEFINITIONS = (
					"DEBUG=1",
					"$(inherited)",
				);
				GCC_WARN_64_TO_32_BIT_CONVERSION = YES;
				GCC_WARN_ABOUT_RETURN_TYPE = YES_ERROR;
				GCC_WARN_UNDECLARED_SELECTOR = YES;
				GCC_WARN_UNINITIALIZED_AUTOS = YES_AGGRESSIVE;
				GCC_WARN_UNUSED_FUNCTION = YES;
				GCC_WARN_UNUSED_VARIABLE = YES;
				IPHONEOS_DEPLOYMENT_TARGET = 11.0;
				MTL_ENABLE_DEBUG_INFO = YES;
				ONLY_ACTIVE_ARCH = YES;
				SDKROOT = iphoneos;
				SWIFT_ACTIVE_COMPILATION_CONDITIONS = DEBUG;
				SWIFT_OPTIMIZATION_LEVEL = "-Onone";
			};
			name = Debug;
		};
		5C5926141F81A2F400EE952D /* Release */ = {
			isa = XCBuildConfiguration;
			buildSettings = {
				ALWAYS_SEARCH_USER_PATHS = NO;
				CLANG_ANALYZER_NONNULL = YES;
				CLANG_ANALYZER_NUMBER_OBJECT_CONVERSION = YES_AGGRESSIVE;
				CLANG_CXX_LANGUAGE_STANDARD = "gnu++14";
				CLANG_CXX_LIBRARY = "libc++";
				CLANG_ENABLE_MODULES = YES;
				CLANG_ENABLE_OBJC_ARC = YES;
				CLANG_WARN_BLOCK_CAPTURE_AUTORELEASING = YES;
				CLANG_WARN_BOOL_CONVERSION = YES;
				CLANG_WARN_COMMA = YES;
				CLANG_WARN_CONSTANT_CONVERSION = YES;
				CLANG_WARN_DIRECT_OBJC_ISA_USAGE = YES_ERROR;
				CLANG_WARN_DOCUMENTATION_COMMENTS = YES;
				CLANG_WARN_EMPTY_BODY = YES;
				CLANG_WARN_ENUM_CONVERSION = YES;
				CLANG_WARN_INFINITE_RECURSION = YES;
				CLANG_WARN_INT_CONVERSION = YES;
				CLANG_WARN_NON_LITERAL_NULL_CONVERSION = YES;
				CLANG_WARN_OBJC_LITERAL_CONVERSION = YES;
				CLANG_WARN_OBJC_ROOT_CLASS = YES_ERROR;
				CLANG_WARN_RANGE_LOOP_ANALYSIS = YES;
				CLANG_WARN_STRICT_PROTOTYPES = YES;
				CLANG_WARN_SUSPICIOUS_MOVE = YES;
				CLANG_WARN_UNGUARDED_AVAILABILITY = YES_AGGRESSIVE;
				CLANG_WARN_UNREACHABLE_CODE = YES;
				CLANG_WARN__DUPLICATE_METHOD_MATCH = YES;
				CODE_SIGN_IDENTITY = "iPhone Developer";
				COPY_PHASE_STRIP = NO;
				DEBUG_INFORMATION_FORMAT = "dwarf-with-dsym";
				ENABLE_NS_ASSERTIONS = NO;
				ENABLE_STRICT_OBJC_MSGSEND = YES;
				GCC_C_LANGUAGE_STANDARD = gnu11;
				GCC_NO_COMMON_BLOCKS = YES;
				GCC_WARN_64_TO_32_BIT_CONVERSION = YES;
				GCC_WARN_ABOUT_RETURN_TYPE = YES_ERROR;
				GCC_WARN_UNDECLARED_SELECTOR = YES;
				GCC_WARN_UNINITIALIZED_AUTOS = YES_AGGRESSIVE;
				GCC_WARN_UNUSED_FUNCTION = YES;
				GCC_WARN_UNUSED_VARIABLE = YES;
				IPHONEOS_DEPLOYMENT_TARGET = 11.0;
				MTL_ENABLE_DEBUG_INFO = NO;
				SDKROOT = iphoneos;
				SWIFT_OPTIMIZATION_LEVEL = "-Owholemodule";
				VALIDATE_PRODUCT = YES;
			};
			name = Release;
		};
		5C5926161F81A2F400EE952D /* Debug */ = {
			isa = XCBuildConfiguration;
			buildSettings = {
				ASSETCATALOG_COMPILER_APPICON_NAME = AppIcon;
				CODE_SIGN_STYLE = Automatic;
				DEVELOPMENT_TEAM = UF5CTWS5JD;
				INFOPLIST_FILE = BLE/Info.plist;
				IPHONEOS_DEPLOYMENT_TARGET = 10.3;
				LD_RUNPATH_SEARCH_PATHS = "$(inherited) @executable_path/Frameworks";
				PRODUCT_BUNDLE_IDENTIFIER = maryam.BLE;
				PRODUCT_NAME = "$(TARGET_NAME)";
				SWIFT_VERSION = 4.0;
				TARGETED_DEVICE_FAMILY = "1,2";
			};
			name = Debug;
		};
		5C5926171F81A2F400EE952D /* Release */ = {
			isa = XCBuildConfiguration;
			buildSettings = {
				ASSETCATALOG_COMPILER_APPICON_NAME = AppIcon;
				CODE_SIGN_STYLE = Automatic;
				DEVELOPMENT_TEAM = UF5CTWS5JD;
				INFOPLIST_FILE = BLE/Info.plist;
				IPHONEOS_DEPLOYMENT_TARGET = 10.3;
				LD_RUNPATH_SEARCH_PATHS = "$(inherited) @executable_path/Frameworks";
				PRODUCT_BUNDLE_IDENTIFIER = maryam.BLE;
				PRODUCT_NAME = "$(TARGET_NAME)";
				SWIFT_VERSION = 4.0;
				TARGETED_DEVICE_FAMILY = "1,2";
			};
			name = Release;
		};
/* End XCBuildConfiguration section */

/* Begin XCConfigurationList section */
		5C5925FB1F81A2F400EE952D /* Build configuration list for PBXProject "BLE" */ = {
			isa = XCConfigurationList;
			buildConfigurations = (
				5C5926131F81A2F400EE952D /* Debug */,
				5C5926141F81A2F400EE952D /* Release */,
			);
			defaultConfigurationIsVisible = 0;
			defaultConfigurationName = Release;
		};
		5C5926151F81A2F400EE952D /* Build configuration list for PBXNativeTarget "BLE" */ = {
			isa = XCConfigurationList;
			buildConfigurations = (
				5C5926161F81A2F400EE952D /* Debug */,
				5C5926171F81A2F400EE952D /* Release */,
			);
			defaultConfigurationIsVisible = 0;
			defaultConfigurationName = Release;
		};
/* End XCConfigurationList section */

/* Begin XCVersionGroup section */
		5C59260A1F81A2F400EE952D /* BLE.xcdatamodeld */ = {
			isa = XCVersionGroup;
			children = (
				5C59260B1F81A2F400EE952D /* BLE.xcdatamodel */,
			);
			currentVersion = 5C59260B1F81A2F400EE952D /* BLE.xcdatamodel */;
			path = BLE.xcdatamodeld;
			sourceTree = "<group>";
			versionGroupType = wrapper.xcdatamodel;
		};
/* End XCVersionGroup section */
	};
	rootObject = 5C5925F81F81A2F400EE952D /* Project object */;
}
